
Microsoft Visual Studio Solution File, Format Version 12.00
# Visual Studio 15
VisualStudioVersion = 15.0.27428.2015
MinimumVisualStudioVersion = 10.0.40219.1
Project("{9A19103F-16F7-4668-BE54-9A1E7A4F7556}") = "PaulWeissInSite.API", "PaulWeissInSite.API\PaulWeissInSite.API.csproj", "{854DDED2-42BD-463F-9942-5844357CC659}"
EndProject
Global
	GlobalSection(SolutionConfigurationPlatforms) = preSolution
		Debug|Any CPU = Debug|Any CPU
		Release|Any CPU = Release|Any CPU
	EndGlobalSection
	GlobalSection(ProjectConfigurationPlatforms) = postSolution
		{854DDED2-42BD-463F-9942-5844357CC659}.Debug|Any CPU.ActiveCfg = Debug|Any CPU
		{854DDED2-42BD-463F-9942-5844357CC659}.Debug|Any CPU.Build.0 = Debug|Any CPU
		{854DDED2-42BD-463F-9942-5844357CC659}.Release|Any CPU.ActiveCfg = Release|Any CPU
		{854DDED2-42BD-463F-9942-5844357CC659}.Release|Any CPU.Build.0 = Release|Any CPU
	EndGlobalSection
	GlobalSection(SolutionProperties) = preSolution
		HideSolutionNode = FALSE
	EndGlobalSection
	GlobalSection(ExtensibilityGlobals) = postSolution
		SolutionGuid = {FA190CB1-C683-4AA1-8EC0-8EAAF6F90D17}
	EndGlobalSection
	GlobalSection(TeamFoundationVersionControl) = preSolution
		SccNumberOfProjects = 2
		SccEnterpriseProvider = {4CA58AB2-18FA-4F8D-95D4-32DDF27D184C}
		SccTeamFoundationServer = http://uspracsystfs01:8080/tfs/practicesystemscollection
		SccLocalPath0 = .
		SccProjectUniqueName1 = PaulWeissInSite.API\\PaulWeissInSite.API.csproj
		SccProjectName1 = PaulWeissInSite.API
		SccLocalPath1 = PaulWeissInSite.API
	EndGlobalSection
EndGlobal
